
Microsoft Visual Studio Solution File, Format Version 12.00
# Visual Studio Version 17
VisualStudioVersion = 17.4.33213.308
MinimumVisualStudioVersion = 10.0.40219.1
Project("{9A19103F-16F7-4668-BE54-9A1E7A4F7556}") = "Software_Project_facepart", "Software_Project_facepart\Software_Project_facepart.csproj", "{965125A2-DE9F-4BF3-A458-12EEE6B49AA3}"
EndProject
Project("{9A19103F-16F7-4668-BE54-9A1E7A4F7556}") = "image_to_vector", "image_to_vector\image_to_vector.csproj", "{C4C2DF24-BB8A-46F8-8FE7-E066FB4F4267}"
EndProject
Project("{FAE04EC0-301F-11D3-BF4B-00C04F79EFBC}") = "histogram_normalize", "histogram_normalize\histogram_normalize.csproj", "{2D5ECEBE-3D5E-4FB6-835D-61940C51CCAA}"
EndProject
Global
	GlobalSection(SolutionConfigurationPlatforms) = preSolution
		Debug|Any CPU = Debug|Any CPU
		Release|Any CPU = Release|Any CPU
	EndGlobalSection
	GlobalSection(ProjectConfigurationPlatforms) = postSolution
		{965125A2-DE9F-4BF3-A458-12EEE6B49AA3}.Debug|Any CPU.ActiveCfg = Debug|Any CPU
		{965125A2-DE9F-4BF3-A458-12EEE6B49AA3}.Debug|Any CPU.Build.0 = Debug|Any CPU
		{965125A2-DE9F-4BF3-A458-12EEE6B49AA3}.Release|Any CPU.ActiveCfg = Release|Any CPU
		{965125A2-DE9F-4BF3-A458-12EEE6B49AA3}.Release|Any CPU.Build.0 = Release|Any CPU
		{C4C2DF24-BB8A-46F8-8FE7-E066FB4F4267}.Debug|Any CPU.ActiveCfg = Debug|Any CPU
		{C4C2DF24-BB8A-46F8-8FE7-E066FB4F4267}.Debug|Any CPU.Build.0 = Debug|Any CPU
		{C4C2DF24-BB8A-46F8-8FE7-E066FB4F4267}.Release|Any CPU.ActiveCfg = Release|Any CPU
		{C4C2DF24-BB8A-46F8-8FE7-E066FB4F4267}.Release|Any CPU.Build.0 = Release|Any CPU
		{2D5ECEBE-3D5E-4FB6-835D-61940C51CCAA}.Debug|Any CPU.ActiveCfg = Debug|Any CPU
		{2D5ECEBE-3D5E-4FB6-835D-61940C51CCAA}.Debug|Any CPU.Build.0 = Debug|Any CPU
		{2D5ECEBE-3D5E-4FB6-835D-61940C51CCAA}.Release|Any CPU.ActiveCfg = Release|Any CPU
		{2D5ECEBE-3D5E-4FB6-835D-61940C51CCAA}.Release|Any CPU.Build.0 = Release|Any CPU
	EndGlobalSection
	GlobalSection(SolutionProperties) = preSolution
		HideSolutionNode = FALSE
	EndGlobalSection
	GlobalSection(ExtensibilityGlobals) = postSolution
		SolutionGuid = {8014F9F4-7B81-4B2D-82E9-E420464FCC9B}
	EndGlobalSection
EndGlobal
